
Microsoft Visual Studio Solution File, Format Version 12.00
# Visual Studio Version 16
VisualStudioVersion = 16.0.30114.105
MinimumVisualStudioVersion = 10.0.40219.1
Project("{FAE04EC0-301F-11D3-BF4B-00C04F79EFBC}") = "Argumentos", "Argumentos\Argumentos.csproj", "{D69CE31E-6BF9-4556-8939-693B56C25820}"
EndProject
Project("{FAE04EC0-301F-11D3-BF4B-00C04F79EFBC}") = "OlaMundo", "OlaMundo\OlaMundo.csproj", "{C3794A2D-2F2F-4297-9789-FAF8A99AD333}"
EndProject
Project("{FAE04EC0-301F-11D3-BF4B-00C04F79EFBC}") = "TiposVarios", "TiposVarios\TiposVarios.csproj", "{117C940D-2FB7-4F19-963A-C8D8E1961711}"
EndProject
Global
	GlobalSection(SolutionProperties) = preSolution
		HideSolutionNode = FALSE
	EndGlobalSection
	GlobalSection(SolutionConfigurationPlatforms) = preSolution
		Debug|Any CPU = Debug|Any CPU
		Debug|x64 = Debug|x64
		Debug|x86 = Debug|x86
		Release|Any CPU = Release|Any CPU
		Release|x64 = Release|x64
		Release|x86 = Release|x86
	EndGlobalSection
	GlobalSection(ProjectConfigurationPlatforms) = postSolution
		{D69CE31E-6BF9-4556-8939-693B56C25820}.Debug|Any CPU.ActiveCfg = Debug|Any CPU
		{D69CE31E-6BF9-4556-8939-693B56C25820}.Debug|Any CPU.Build.0 = Debug|Any CPU
		{D69CE31E-6BF9-4556-8939-693B56C25820}.Debug|x64.ActiveCfg = Debug|Any CPU
		{D69CE31E-6BF9-4556-8939-693B56C25820}.Debug|x64.Build.0 = Debug|Any CPU
		{D69CE31E-6BF9-4556-8939-693B56C25820}.Debug|x86.ActiveCfg = Debug|Any CPU
		{D69CE31E-6BF9-4556-8939-693B56C25820}.Debug|x86.Build.0 = Debug|Any CPU
		{D69CE31E-6BF9-4556-8939-693B56C25820}.Release|Any CPU.ActiveCfg = Release|Any CPU
		{D69CE31E-6BF9-4556-8939-693B56C25820}.Release|Any CPU.Build.0 = Release|Any CPU
		{D69CE31E-6BF9-4556-8939-693B56C25820}.Release|x64.ActiveCfg = Release|Any CPU
		{D69CE31E-6BF9-4556-8939-693B56C25820}.Release|x64.Build.0 = Release|Any CPU
		{D69CE31E-6BF9-4556-8939-693B56C25820}.Release|x86.ActiveCfg = Release|Any CPU
		{D69CE31E-6BF9-4556-8939-693B56C25820}.Release|x86.Build.0 = Release|Any CPU
		{C3794A2D-2F2F-4297-9789-FAF8A99AD333}.Debug|Any CPU.ActiveCfg = Debug|Any CPU
		{C3794A2D-2F2F-4297-9789-FAF8A99AD333}.Debug|Any CPU.Build.0 = Debug|Any CPU
		{C3794A2D-2F2F-4297-9789-FAF8A99AD333}.Debug|x64.ActiveCfg = Debug|Any CPU
		{C3794A2D-2F2F-4297-9789-FAF8A99AD333}.Debug|x64.Build.0 = Debug|Any CPU
		{C3794A2D-2F2F-4297-9789-FAF8A99AD333}.Debug|x86.ActiveCfg = Debug|Any CPU
		{C3794A2D-2F2F-4297-9789-FAF8A99AD333}.Debug|x86.Build.0 = Debug|Any CPU
		{C3794A2D-2F2F-4297-9789-FAF8A99AD333}.Release|Any CPU.ActiveCfg = Release|Any CPU
		{C3794A2D-2F2F-4297-9789-FAF8A99AD333}.Release|Any CPU.Build.0 = Release|Any CPU
		{C3794A2D-2F2F-4297-9789-FAF8A99AD333}.Release|x64.ActiveCfg = Release|Any CPU
		{C3794A2D-2F2F-4297-9789-FAF8A99AD333}.Release|x64.Build.0 = Release|Any CPU
		{C3794A2D-2F2F-4297-9789-FAF8A99AD333}.Release|x86.ActiveCfg = Release|Any CPU
		{C3794A2D-2F2F-4297-9789-FAF8A99AD333}.Release|x86.Build.0 = Release|Any CPU
		{117C940D-2FB7-4F19-963A-C8D8E1961711}.Debug|Any CPU.ActiveCfg = Debug|Any CPU
		{117C940D-2FB7-4F19-963A-C8D8E1961711}.Debug|Any CPU.Build.0 = Debug|Any CPU
		{117C940D-2FB7-4F19-963A-C8D8E1961711}.Debug|x64.ActiveCfg = Debug|Any CPU
		{117C940D-2FB7-4F19-963A-C8D8E1961711}.Debug|x64.Build.0 = Debug|Any CPU
		{117C940D-2FB7-4F19-963A-C8D8E1961711}.Debug|x86.ActiveCfg = Debug|Any CPU
		{117C940D-2FB7-4F19-963A-C8D8E1961711}.Debug|x86.Build.0 = Debug|Any CPU
		{117C940D-2FB7-4F19-963A-C8D8E1961711}.Release|Any CPU.ActiveCfg = Release|Any CPU
		{117C940D-2FB7-4F19-963A-C8D8E1961711}.Release|Any CPU.Build.0 = Release|Any CPU
		{117C940D-2FB7-4F19-963A-C8D8E1961711}.Release|x64.ActiveCfg = Release|Any CPU
		{117C940D-2FB7-4F19-963A-C8D8E1961711}.Release|x64.Build.0 = Release|Any CPU
		{117C940D-2FB7-4F19-963A-C8D8E1961711}.Release|x86.ActiveCfg = Release|Any CPU
		{117C940D-2FB7-4F19-963A-C8D8E1961711}.Release|x86.Build.0 = Release|Any CPU
	EndGlobalSection
EndGlobal
